// !$*UTF8*$!
{
	archiveVersion = 1;
	classes = {
	};
	objectVersion = 50;
	objects = {

/* Begin PBXBuildFile section */
		C58B330C25E73D8B00C34191 /* AppDelegate.swift in Sources */ = {isa = PBXBuildFile; fileRef = C58B330B25E73D8B00C34191 /* AppDelegate.swift */; };
		C58B330E25E73D8B00C34191 /* SceneDelegate.swift in Sources */ = {isa = PBXBuildFile; fileRef = C58B330D25E73D8B00C34191 /* SceneDelegate.swift */; };
		C58B331025E73D8B00C34191 /* ViewController.swift in Sources */ = {isa = PBXBuildFile; fileRef = C58B330F25E73D8B00C34191 /* ViewController.swift */; };
		C58B331325E73D8B00C34191 /* Main.storyboard in Resources */ = {isa = PBXBuildFile; fileRef = C58B331125E73D8B00C34191 /* Main.storyboard */; };
		C58B331525E73D8D00C34191 /* Assets.xcassets in Resources */ = {isa = PBXBuildFile; fileRef = C58B331425E73D8D00C34191 /* Assets.xcassets */; };
		C58B331825E73D8D00C34191 /* LaunchScreen.storyboard in Resources */ = {isa = PBXBuildFile; fileRef = C58B331625E73D8D00C34191 /* LaunchScreen.storyboard */; };
		C58B332325E73D8D00C34191 /* TwitterTests.swift in Sources */ = {isa = PBXBuildFile; fileRef = C58B332225E73D8D00C34191 /* TwitterTests.swift */; };
		C58B332E25E73D8D00C34191 /* TwitterUITests.swift in Sources */ = {isa = PBXBuildFile; fileRef = C58B332D25E73D8D00C34191 /* TwitterUITests.swift */; };
/* End PBXBuildFile section */

/* Begin PBXContainerItemProxy section */
		C58B331F25E73D8D00C34191 /* PBXContainerItemProxy */ = {
			isa = PBXContainerItemProxy;
			containerPortal = C58B330025E73D8B00C34191 /* Project object */;
			proxyType = 1;
			remoteGlobalIDString = C58B330725E73D8B00C34191;
			remoteInfo = Twitter;
		};
		C58B332A25E73D8D00C34191 /* PBXContainerItemProxy */ = {
			isa = PBXContainerItemProxy;
			containerPortal = C58B330025E73D8B00C34191 /* Project object */;
			proxyType = 1;
			remoteGlobalIDString = C58B330725E73D8B00C34191;
			remoteInfo = Twitter;
		};
/* End PBXContainerItemProxy section */

/* Begin PBXFileReference section */
		C58B330825E73D8B00C34191 /* Twitter.app */ = {isa = PBXFileReference; explicitFileType = wrapper.application; includeInIndex = 0; path = Twitter.app; sourceTree = BUILT_PRODUCTS_DIR; };
		C58B330B25E73D8B00C34191 /* AppDelegate.swift */ = {isa = PBXFileReference; lastKnownFileType = sourcecode.swift; path = AppDelegate.swift; sourceTree = "<group>"; };
		C58B330D25E73D8B00C34191 /* SceneDelegate.swift */ = {isa = PBXFileReference; lastKnownFileType = sourcecode.swift; path = SceneDelegate.swift; sourceTree = "<group>"; };
		C58B330F25E73D8B00C34191 /* ViewController.swift */ = {isa = PBXFileReference; lastKnownFileType = sourcecode.swift; path = ViewController.swift; sourceTree = "<group>"; };
		C58B331225E73D8B00C34191 /* Base */ = {isa = PBXFileReference; lastKnownFileType = file.storyboard; name = Base; path = Base.lproj/Main.storyboard; sourceTree = "<group>"; };
		C58B331425E73D8D00C34191 /* Assets.xcassets */ = {isa = PBXFileReference; lastKnownFileType = folder.assetcatalog; path = Assets.xcassets; sourceTree = "<group>"; };
		C58B331725E73D8D00C34191 /* Base */ = {isa = PBXFileReference; lastKnownFileType = file.storyboard; name = Base; path = Base.lproj/LaunchScreen.storyboard; sourceTree = "<group>"; };
		C58B331925E73D8D00C34191 /* Info.plist */ = {isa = PBXFileReference; lastKnownFileType = text.plist.xml; path = Info.plist; sourceTree = "<group>"; };
		C58B331E25E73D8D00C34191 /* TwitterTests.xctest */ = {isa = PBXFileReference; explicitFileType = wrapper.cfbundle; includeInIndex = 0; path = TwitterTests.xctest; sourceTree = BUILT_PRODUCTS_DIR; };
		C58B332225E73D8D00C34191 /* TwitterTests.swift */ = {isa = PBXFileReference; lastKnownFileType = sourcecode.swift; path = TwitterTests.swift; sourceTree = "<group>"; };
		C58B332425E73D8D00C34191 /* Info.plist */ = {isa = PBXFileReference; lastKnownFileType = text.plist.xml; path = Info.plist; sourceTree = "<group>"; };
		C58B332925E73D8D00C34191 /* TwitterUITests.xctest */ = {isa = PBXFileReference; explicitFileType = wrapper.cfbundle; includeInIndex = 0; path = TwitterUITests.xctest; sourceTree = BUILT_PRODUCTS_DIR; };
		C58B332D25E73D8D00C34191 /* TwitterUITests.swift */ = {isa = PBXFileReference; lastKnownFileType = sourcecode.swift; path = TwitterUITests.swift; sourceTree = "<group>"; };
		C58B332F25E73D8D00C34191 /* Info.plist */ = {isa = PBXFileReference; lastKnownFileType = text.plist.xml; path = Info.plist; sourceTree = "<group>"; };
/* End PBXFileReference section */

/* Begin PBXFrameworksBuildPhase section */
		C58B330525E73D8B00C34191 /* Frameworks */ = {
			isa = PBXFrameworksBuildPhase;
			buildActionMask = 2147483647;
			files = (
			);
			runOnlyForDeploymentPostprocessing = 0;
		};
		C58B331B25E73D8D00C34191 /* Frameworks */ = {
			isa = PBXFrameworksBuildPhase;
			buildActionMask = 2147483647;
			files = (
			);
			runOnlyForDeploymentPostprocessing = 0;
		};
		C58B332625E73D8D00C34191 /* Frameworks */ = {
			isa = PBXFrameworksBuildPhase;
			buildActionMask = 2147483647;
			files = (
			);
			runOnlyForDeploymentPostprocessing = 0;
		};
/* End PBXFrameworksBuildPhase section */

/* Begin PBXGroup section */
		C58B32FF25E73D8B00C34191 = {
			isa = PBXGroup;
			children = (
				C58B330A25E73D8B00C34191 /* Twitter */,
				C58B332125E73D8D00C34191 /* TwitterTests */,
				C58B332C25E73D8D00C34191 /* TwitterUITests */,
				C58B330925E73D8B00C34191 /* Products */,
			);
			sourceTree = "<group>";
		};
		C58B330925E73D8B00C34191 /* Products */ = {
			isa = PBXGroup;
			children = (
				C58B330825E73D8B00C34191 /* Twitter.app */,
				C58B331E25E73D8D00C34191 /* TwitterTests.xctest */,
				C58B332925E73D8D00C34191 /* TwitterUITests.xctest */,
			);
			name = Products;
			sourceTree = "<group>";
		};
		C58B330A25E73D8B00C34191 /* Twitter */ = {
			isa = PBXGroup;
			children = (
				C58B330B25E73D8B00C34191 /* AppDelegate.swift */,
				C58B330D25E73D8B00C34191 /* SceneDelegate.swift */,
				C58B330F25E73D8B00C34191 /* ViewController.swift */,
				C58B331125E73D8B00C34191 /* Main.storyboard */,
				C58B331425E73D8D00C34191 /* Assets.xcassets */,
				C58B331625E73D8D00C34191 /* LaunchScreen.storyboard */,
				C58B331925E73D8D00C34191 /* Info.plist */,
			);
			path = Twitter;
			sourceTree = "<group>";
		};
		C58B332125E73D8D00C34191 /* TwitterTests */ = {
			isa = PBXGroup;
			children = (
				C58B332225E73D8D00C34191 /* TwitterTests.swift */,
				C58B332425E73D8D00C34191 /* Info.plist */,
			);
			path = TwitterTests;
			sourceTree = "<group>";
		};
		C58B332C25E73D8D00C34191 /* TwitterUITests */ = {
			isa = PBXGroup;
			children = (
				C58B332D25E73D8D00C34191 /* TwitterUITests.swift */,
				C58B332F25E73D8D00C34191 /* Info.plist */,
			);
			path = TwitterUITests;
			sourceTree = "<group>";
		};
/* End PBXGroup section */

/* Begin PBXNativeTarget section */
		C58B330725E73D8B00C34191 /* Twitter */ = {
			isa = PBXNativeTarget;
			buildConfigurationList = C58B333225E73D8D00C34191 /* Build configuration list for PBXNativeTarget "Twitter" */;
			buildPhases = (
				C58B330425E73D8B00C34191 /* Sources */,
				C58B330525E73D8B00C34191 /* Frameworks */,
				C58B330625E73D8B00C34191 /* Resources */,
			);
			buildRules = (
			);
			dependencies = (
			);
			name = Twitter;
			productName = Twitter;
			productReference = C58B330825E73D8B00C34191 /* Twitter.app */;
			productType = "com.apple.product-type.application";
		};
		C58B331D25E73D8D00C34191 /* TwitterTests */ = {
			isa = PBXNativeTarget;
			buildConfigurationList = C58B333525E73D8D00C34191 /* Build configuration list for PBXNativeTarget "TwitterTests" */;
			buildPhases = (
				C58B331A25E73D8D00C34191 /* Sources */,
				C58B331B25E73D8D00C34191 /* Frameworks */,
				C58B331C25E73D8D00C34191 /* Resources */,
			);
			buildRules = (
			);
			dependencies = (
				C58B332025E73D8D00C34191 /* PBXTargetDependency */,
			);
			name = TwitterTests;
			productName = TwitterTests;
			productReference = C58B331E25E73D8D00C34191 /* TwitterTests.xctest */;
			productType = "com.apple.product-type.bundle.unit-test";
		};
		C58B332825E73D8D00C34191 /* TwitterUITests */ = {
			isa = PBXNativeTarget;
			buildConfigurationList = C58B333825E73D8D00C34191 /* Build configuration list for PBXNativeTarget "TwitterUITests" */;
			buildPhases = (
				C58B332525E73D8D00C34191 /* Sources */,
				C58B332625E73D8D00C34191 /* Frameworks */,
				C58B332725E73D8D00C34191 /* Resources */,
			);
			buildRules = (
			);
			dependencies = (
				C58B332B25E73D8D00C34191 /* PBXTargetDependency */,
			);
			name = TwitterUITests;
			productName = TwitterUITests;
			productReference = C58B332925E73D8D00C34191 /* TwitterUITests.xctest */;
			productType = "com.apple.product-type.bundle.ui-testing";
		};
/* End PBXNativeTarget section */

/* Begin PBXProject section */
		C58B330025E73D8B00C34191 /* Project object */ = {
			isa = PBXProject;
			attributes = {
				LastSwiftUpdateCheck = 1240;
				LastUpgradeCheck = 1240;
				TargetAttributes = {
					C58B330725E73D8B00C34191 = {
						CreatedOnToolsVersion = 12.4;
					};
					C58B331D25E73D8D00C34191 = {
						CreatedOnToolsVersion = 12.4;
						TestTargetID = C58B330725E73D8B00C34191;
					};
					C58B332825E73D8D00C34191 = {
						CreatedOnToolsVersion = 12.4;
						TestTargetID = C58B330725E73D8B00C34191;
					};
				};
			};
			buildConfigurationList = C58B330325E73D8B00C34191 /* Build configuration list for PBXProject "Twitter" */;
			compatibilityVersion = "Xcode 9.3";
			developmentRegion = en;
			hasScannedForEncodings = 0;
			knownRegions = (
				en,
				Base,
			);
			mainGroup = C58B32FF25E73D8B00C34191;
			productRefGroup = C58B330925E73D8B00C34191 /* Products */;
			projectDirPath = "";
			projectRoot = "";
			targets = (
				C58B330725E73D8B00C34191 /* Twitter */,
				C58B331D25E73D8D00C34191 /* TwitterTests */,
				C58B332825E73D8D00C34191 /* TwitterUITests */,
			);
		};
/* End PBXProject section */

/* Begin PBXResourcesBuildPhase section */
		C58B330625E73D8B00C34191 /* Resources */ = {
			isa = PBXResourcesBuildPhase;
			buildActionMask = 2147483647;
			files = (
				C58B331825E73D8D00C34191 /* LaunchScreen.storyboard in Resources */,
				C58B331525E73D8D00C34191 /* Assets.xcassets in Resources */,
				C58B331325E73D8B00C34191 /* Main.storyboard in Resources */,
			);
			runOnlyForDeploymentPostprocessing = 0;
		};
		C58B331C25E73D8D00C34191 /* Resources */ = {
			isa = PBXResourcesBuildPhase;
			buildActionMask = 2147483647;
			files = (
			);
			runOnlyForDeploymentPostprocessing = 0;
		};
		C58B332725E73D8D00C34191 /* Resources */ = {
			isa = PBXResourcesBuildPhase;
			buildActionMask = 2147483647;
			files = (
			);
			runOnlyForDeploymentPostprocessing = 0;
		};
/* End PBXResourcesBuildPhase section */

/* Begin PBXSourcesBuildPhase section */
		C58B330425E73D8B00C34191 /* Sources */ = {
			isa = PBXSourcesBuildPhase;
			buildActionMask = 2147483647;
			files = (
				C58B331025E73D8B00C34191 /* ViewController.swift in Sources */,
				C58B330C25E73D8B00C34191 /* AppDelegate.swift in Sources */,
				C58B330E25E73D8B00C34191 /* SceneDelegate.swift in Sources */,
			);
			runOnlyForDeploymentPostprocessing = 0;
		};
		C58B331A25E73D8D00C34191 /* Sources */ = {
			isa = PBXSourcesBuildPhase;
			buildActionMask = 2147483647;
			files = (
				C58B332325E73D8D00C34191 /* TwitterTests.swift in Sources */,
			);
			runOnlyForDeploymentPostprocessing = 0;
		};
		C58B332525E73D8D00C34191 /* Sources */ = {
			isa = PBXSourcesBuildPhase;
			buildActionMask = 2147483647;
			files = (
				C58B332E25E73D8D00C34191 /* TwitterUITests.swift in Sources */,
			);
			runOnlyForDeploymentPostprocessing = 0;
		};
/* End PBXSourcesBuildPhase section */

/* Begin PBXTargetDependency section */
		C58B332025E73D8D00C34191 /* PBXTargetDependency */ = {
			isa = PBXTargetDependency;
			target = C58B330725E73D8B00C34191 /* Twitter */;
			targetProxy = C58B331F25E73D8D00C34191 /* PBXContainerItemProxy */;
		};
		C58B332B25E73D8D00C34191 /* PBXTargetDependency */ = {
			isa = PBXTargetDependency;
			target = C58B330725E73D8B00C34191 /* Twitter */;
			targetProxy = C58B332A25E73D8D00C34191 /* PBXContainerItemProxy */;
		};
/* End PBXTargetDependency section */

/* Begin PBXVariantGroup section */
		C58B331125E73D8B00C34191 /* Main.storyboard */ = {
			isa = PBXVariantGroup;
			children = (
				C58B331225E73D8B00C34191 /* Base */,
			);
			name = Main.storyboard;
			sourceTree = "<group>";
		};
		C58B331625E73D8D00C34191 /* LaunchScreen.storyboard */ = {
			isa = PBXVariantGroup;
			children = (
				C58B331725E73D8D00C34191 /* Base */,
			);
			name = LaunchScreen.storyboard;
			sourceTree = "<group>";
		};
/* End PBXVariantGroup section */

/* Begin XCBuildConfiguration section */
		C58B333025E73D8D00C34191 /* Debug */ = {
			isa = XCBuildConfiguration;
			buildSettings = {
				ALWAYS_SEARCH_USER_PATHS = NO;
				CLANG_ANALYZER_NONNULL = YES;
				CLANG_ANALYZER_NUMBER_OBJECT_CONVERSION = YES_AGGRESSIVE;
				CLANG_CXX_LANGUAGE_STANDARD = "gnu++14";
				CLANG_CXX_LIBRARY = "libc++";
				CLANG_ENABLE_MODULES = YES;
				CLANG_ENABLE_OBJC_ARC = YES;
				CLANG_ENABLE_OBJC_WEAK = YES;
				CLANG_WARN_BLOCK_CAPTURE_AUTORELEASING = YES;
				CLANG_WARN_BOOL_CONVERSION = YES;
				CLANG_WARN_COMMA = YES;
				CLANG_WARN_CONSTANT_CONVERSION = YES;
				CLANG_WARN_DEPRECATED_OBJC_IMPLEMENTATIONS = YES;
				CLANG_WARN_DIRECT_OBJC_ISA_USAGE = YES_ERROR;
				CLANG_WARN_DOCUMENTATION_COMMENTS = YES;
				CLANG_WARN_EMPTY_BODY = YES;
				CLANG_WARN_ENUM_CONVERSION = YES;
				CLANG_WARN_INFINITE_RECURSION = YES;
				CLANG_WARN_INT_CONVERSION = YES;
				CLANG_WARN_NON_LITERAL_NULL_CONVERSION = YES;
				CLANG_WARN_OBJC_IMPLICIT_RETAIN_SELF = YES;
				CLANG_WARN_OBJC_LITERAL_CONVERSION = YES;
				CLANG_WARN_OBJC_ROOT_CLASS = YES_ERROR;
				CLANG_WARN_QUOTED_INCLUDE_IN_FRAMEWORK_HEADER = YES;
				CLANG_WARN_RANGE_LOOP_ANALYSIS = YES;
				CLANG_WARN_STRICT_PROTOTYPES = YES;
				CLANG_WARN_SUSPICIOUS_MOVE = YES;
				CLANG_WARN_UNGUARDED_AVAILABILITY = YES_AGGRESSIVE;
				CLANG_WARN_UNREACHABLE_CODE = YES;
				CLANG_WARN__DUPLICATE_METHOD_MATCH = YES;
				COPY_PHASE_STRIP = NO;
				DEBUG_INFORMATION_FORMAT = dwarf;
				ENABLE_STRICT_OBJC_MSGSEND = YES;
				ENABLE_TESTABILITY = YES;
				GCC_C_LANGUAGE_STANDARD = gnu11;
				GCC_DYNAMIC_NO_PIC = NO;
				GCC_NO_COMMON_BLOCKS = YES;
				GCC_OPTIMIZATION_LEVEL = 0;
				GCC_PREPROCESSOR_DEFINITIONS = (
					"DEBUG=1",
					"$(inherited)",
				);
				GCC_WARN_64_TO_32_BIT_CONVERSION = YES;
				GCC_WARN_ABOUT_RETURN_TYPE = YES_ERROR;
				GCC_WARN_UNDECLARED_SELECTOR = YES;
				GCC_WARN_UNINITIALIZED_AUTOS = YES_AGGRESSIVE;
				GCC_WARN_UNUSED_FUNCTION = YES;
				GCC_WARN_UNUSED_VARIABLE = YES;
				IPHONEOS_DEPLOYMENT_TARGET = 14.4;
				MTL_ENABLE_DEBUG_INFO = INCLUDE_SOURCE;
				MTL_FAST_MATH = YES;
				ONLY_ACTIVE_ARCH = YES;
				SDKROOT = iphoneos;
				SWIFT_ACTIVE_COMPILATION_CONDITIONS = DEBUG;
				SWIFT_OPTIMIZATION_LEVEL = "-Onone";
			};
			name = Debug;
		};
		C58B333125E73D8D00C34191 /* Release */ = {
			isa = XCBuildConfiguration;
			buildSettings = {
				ALWAYS_SEARCH_USER_PATHS = NO;
				CLANG_ANALYZER_NONNULL = YES;
				CLANG_ANALYZER_NUMBER_OBJECT_CONVERSION = YES_AGGRESSIVE;
				CLANG_CXX_LANGUAGE_STANDARD = "gnu++14";
				CLANG_CXX_LIBRARY = "libc++";
				CLANG_ENABLE_MODULES = YES;
				CLANG_ENABLE_OBJC_ARC = YES;
				CLANG_ENABLE_OBJC_WEAK = YES;
				CLANG_WARN_BLOCK_CAPTURE_AUTORELEASING = YES;
				CLANG_WARN_BOOL_CONVERSION = YES;
				CLANG_WARN_COMMA = YES;
				CLANG_WARN_CONSTANT_CONVERSION = YES;
				CLANG_WARN_DEPRECATED_OBJC_IMPLEMENTATIONS = YES;
				CLANG_WARN_DIRECT_OBJC_ISA_USAGE = YES_ERROR;
				CLANG_WARN_DOCUMENTATION_COMMENTS = YES;
				CLANG_WARN_EMPTY_BODY = YES;
				CLANG_WARN_ENUM_CONVERSION = YES;
				CLANG_WARN_INFINITE_RECURSION = YES;
				CLANG_WARN_INT_CONVERSION = YES;
				CLANG_WARN_NON_LITERAL_NULL_CONVERSION = YES;
				CLANG_WARN_OBJC_IMPLICIT_RETAIN_SELF = YES;
				CLANG_WARN_OBJC_LITERAL_CONVERSION = YES;
				CLANG_WARN_OBJC_ROOT_CLASS = YES_ERROR;
				CLANG_WARN_QUOTED_INCLUDE_IN_FRAMEWORK_HEADER = YES;
				CLANG_WARN_RANGE_LOOP_ANALYSIS = YES;
				CLANG_WARN_STRICT_PROTOTYPES = YES;
				CLANG_WARN_SUSPICIOUS_MOVE = YES;
				CLANG_WARN_UNGUARDED_AVAILABILITY = YES_AGGRESSIVE;
				CLANG_WARN_UNREACHABLE_CODE = YES;
				CLANG_WARN__DUPLICATE_METHOD_MATCH = YES;
				COPY_PHASE_STRIP = NO;
				DEBUG_INFORMATION_FORMAT = "dwarf-with-dsym";
				ENABLE_NS_ASSERTIONS = NO;
				ENABLE_STRICT_OBJC_MSGSEND = YES;
				GCC_C_LANGUAGE_STANDARD = gnu11;
				GCC_NO_COMMON_BLOCKS = YES;
				GCC_WARN_64_TO_32_BIT_CONVERSION = YES;
				GCC_WARN_ABOUT_RETURN_TYPE = YES_ERROR;
				GCC_WARN_UNDECLARED_SELECTOR = YES;
				GCC_WARN_UNINITIALIZED_AUTOS = YES_AGGRESSIVE;
				GCC_WARN_UNUSED_FUNCTION = YES;
				GCC_WARN_UNUSED_VARIABLE = YES;
				IPHONEOS_DEPLOYMENT_TARGET = 14.4;
				MTL_ENABLE_DEBUG_INFO = NO;
				MTL_FAST_MATH = YES;
				SDKROOT = iphoneos;
				SWIFT_COMPILATION_MODE = wholemodule;
				SWIFT_OPTIMIZATION_LEVEL = "-O";
				VALIDATE_PRODUCT = YES;
			};
			name = Release;
		};
		C58B333325E73D8D00C34191 /* Debug */ = {
			isa = XCBuildConfiguration;
			buildSettings = {
				ASSETCATALOG_COMPILER_APPICON_NAME = AppIcon;
				ASSETCATALOG_COMPILER_GLOBAL_ACCENT_COLOR_NAME = AccentColor;
				CODE_SIGN_STYLE = Automatic;
				INFOPLIST_FILE = Twitter/Info.plist;
				LD_RUNPATH_SEARCH_PATHS = (
					"$(inherited)",
					"@executable_path/Frameworks",
				);
				PRODUCT_BUNDLE_IDENTIFIER = codepath.Twitter;
				PRODUCT_NAME = "$(TARGET_NAME)";
				SWIFT_VERSION = 5.0;
				TARGETED_DEVICE_FAMILY = "1,2";
			};
			name = Debug;
		};
		C58B333425E73D8D00C34191 /* Release */ = {
			isa = XCBuildConfiguration;
			buildSettings = {
				ASSETCATALOG_COMPILER_APPICON_NAME = AppIcon;
				ASSETCATALOG_COMPILER_GLOBAL_ACCENT_COLOR_NAME = AccentColor;
				CODE_SIGN_STYLE = Automatic;
				INFOPLIST_FILE = Twitter/Info.plist;
				LD_RUNPATH_SEARCH_PATHS = (
					"$(inherited)",
					"@executable_path/Frameworks",
				);
				PRODUCT_BUNDLE_IDENTIFIER = codepath.Twitter;
				PRODUCT_NAME = "$(TARGET_NAME)";
				SWIFT_VERSION = 5.0;
				TARGETED_DEVICE_FAMILY = "1,2";
			};
			name = Release;
		};
		C58B333625E73D8D00C34191 /* Debug */ = {
			isa = XCBuildConfiguration;
			buildSettings = {
				ALWAYS_EMBED_SWIFT_STANDARD_LIBRARIES = YES;
				BUNDLE_LOADER = "$(TEST_HOST)";
				CODE_SIGN_STYLE = Automatic;
				INFOPLIST_FILE = TwitterTests/Info.plist;
				IPHONEOS_DEPLOYMENT_TARGET = 14.4;
				LD_RUNPATH_SEARCH_PATHS = (
					"$(inherited)",
					"@executable_path/Frameworks",
					"@loader_path/Frameworks",
				);
				PRODUCT_BUNDLE_IDENTIFIER = codepath.TwitterTests;
				PRODUCT_NAME = "$(TARGET_NAME)";
				SWIFT_VERSION = 5.0;
				TARGETED_DEVICE_FAMILY = "1,2";
				TEST_HOST = "$(BUILT_PRODUCTS_DIR)/Twitter.app/Twitter";
			};
			name = Debug;
		};
		C58B333725E73D8D00C34191 /* Release */ = {
			isa = XCBuildConfiguration;
			buildSettings = {
				ALWAYS_EMBED_SWIFT_STANDARD_LIBRARIES = YES;
				BUNDLE_LOADER = "$(TEST_HOST)";
				CODE_SIGN_STYLE = Automatic;
				INFOPLIST_FILE = TwitterTests/Info.plist;
				IPHONEOS_DEPLOYMENT_TARGET = 14.4;
				LD_RUNPATH_SEARCH_PATHS = (
					"$(inherited)",
					"@executable_path/Frameworks",
					"@loader_path/Frameworks",
				);
				PRODUCT_BUNDLE_IDENTIFIER = codepath.TwitterTests;
				PRODUCT_NAME = "$(TARGET_NAME)";
				SWIFT_VERSION = 5.0;
				TARGETED_DEVICE_FAMILY = "1,2";
				TEST_HOST = "$(BUILT_PRODUCTS_DIR)/Twitter.app/Twitter";
			};
			name = Release;
		};
		C58B333925E73D8D00C34191 /* Debug */ = {
			isa = XCBuildConfiguration;
			buildSettings = {
				ALWAYS_EMBED_SWIFT_STANDARD_LIBRARIES = YES;
				CODE_SIGN_STYLE = Automatic;
				INFOPLIST_FILE = TwitterUITests/Info.plist;
				LD_RUNPATH_SEARCH_PATHS = (
					"$(inherited)",
					"@executable_path/Frameworks",
					"@loader_path/Frameworks",
				);
				PRODUCT_BUNDLE_IDENTIFIER = codepath.TwitterUITests;
				PRODUCT_NAME = "$(TARGET_NAME)";
				SWIFT_VERSION = 5.0;
				TARGETED_DEVICE_FAMILY = "1,2";
				TEST_TARGET_NAME = Twitter;
			};
			name = Debug;
		};
		C58B333A25E73D8D00C34191 /* Release */ = {
			isa = XCBuildConfiguration;
			buildSettings = {
				ALWAYS_EMBED_SWIFT_STANDARD_LIBRARIES = YES;
				CODE_SIGN_STYLE = Automatic;
				INFOPLIST_FILE = TwitterUITests/Info.plist;
				LD_RUNPATH_SEARCH_PATHS = (
					"$(inherited)",
					"@executable_path/Frameworks",
					"@loader_path/Frameworks",
				);
				PRODUCT_BUNDLE_IDENTIFIER = codepath.TwitterUITests;
				PRODUCT_NAME = "$(TARGET_NAME)";
				SWIFT_VERSION = 5.0;
				TARGETED_DEVICE_FAMILY = "1,2";
				TEST_TARGET_NAME = Twitter;
			};
			name = Release;
		};
/* End XCBuildConfiguration section */

/* Begin XCConfigurationList section */
		C58B330325E73D8B00C34191 /* Build configuration list for PBXProject "Twitter" */ = {
			isa = XCConfigurationList;
			buildConfigurations = (
				C58B333025E73D8D00C34191 /* Debug */,
				C58B333125E73D8D00C34191 /* Release */,
			);
			defaultConfigurationIsVisible = 0;
			defaultConfigurationName = Release;
		};
		C58B333225E73D8D00C34191 /* Build configuration list for PBXNativeTarget "Twitter" */ = {
			isa = XCConfigurationList;
			buildConfigurations = (
				C58B333325E73D8D00C34191 /* Debug */,
				C58B333425E73D8D00C34191 /* Release */,
			);
			defaultConfigurationIsVisible = 0;
			defaultConfigurationName = Release;
		};
		C58B333525E73D8D00C34191 /* Build configuration list for PBXNativeTarget "TwitterTests" */ = {
			isa = XCConfigurationList;
			buildConfigurations = (
				C58B333625E73D8D00C34191 /* Debug */,
				C58B333725E73D8D00C34191 /* Release */,
			);
			defaultConfigurationIsVisible = 0;
			defaultConfigurationName = Release;
		};
		C58B333825E73D8D00C34191 /* Build configuration list for PBXNativeTarget "TwitterUITests" */ = {
			isa = XCConfigurationList;
			buildConfigurations = (
				C58B333925E73D8D00C34191 /* Debug */,
				C58B333A25E73D8D00C34191 /* Release */,
			);
			defaultConfigurationIsVisible = 0;
			defaultConfigurationName = Release;
		};
/* End XCConfigurationList section */
	};
	rootObject = C58B330025E73D8B00C34191 /* Project object */;
}
